{
    "_meta": {
        "hash": {
            "sha256": "81936c06d5bbc83e284b693073e20a60350dbe526103cf12a38fd955aed70147"
        },
        "pipfile-spec": 6,
        "requires": {
            "python_version": "3.10"
        },
        "sources": [
            {
                "name": "pypi",
                "url": "https://pypi.org/simple",
                "verify_ssl": true
            }
        ]
    },
    "default": {
        "marshmallow": {
            "hashes": [
                "sha256:6d00e42d6d6289f8cd3e77618a01689d57a078fe324ee579b00fa206d32e9b07",
                "sha256:bba1a940985c052c5cc7849f97da196ebc81f3b85ec10c56ef1f3228aa9cbe74"
            ],
            "index": "pypi",
            "version": "==3.14.0"
        }
    },
    "develop": {}
}
